
Microsoft Visual Studio Solution File, Format Version 12.00
# Visual Studio Version 17
VisualStudioVersion = 17.0.31903.59
MinimumVisualStudioVersion = 10.0.40219.1
Project("{2150E333-8FDC-42A3-9474-1A3956D46DE8}") = "src", "src", "{827E0CD3-B72D-47B6-A68D-7590B98EB39B}"
EndProject
Project("{FAE04EC0-301F-11D3-BF4B-00C04F79EFBC}") = "OpsDesk.Web", "src\OpsDesk.Web\OpsDesk.Web.csproj", "{7DB62CE4-B7D4-4203-84CA-ECE13AF1AA66}"
EndProject
Project("{FAE04EC0-301F-11D3-BF4B-00C04F79EFBC}") = "OpsDesk.Api", "src\OpsDesk.Api\OpsDesk.Api.csproj", "{7A72B649-ACF7-4F40-B8DC-8E2EC74AD4CB}"
EndProject
Project("{FAE04EC0-301F-11D3-BF4B-00C04F79EFBC}") = "OpsDesk.Application", "src\OpsDesk.Application\OpsDesk.Application.csproj", "{63387B12-8243-4BE9-9C66-9609671E0323}"
EndProject
Project("{FAE04EC0-301F-11D3-BF4B-00C04F79EFBC}") = "OpsDesk.Domain", "src\OpsDesk.Domain\OpsDesk.Domain.csproj", "{A2D6205C-3810-458A-A10A-2C1D99A1697D}"
EndProject
Project("{FAE04EC0-301F-11D3-BF4B-00C04F79EFBC}") = "OpsDesk.Infrastructure", "src\OpsDesk.Infrastructure\OpsDesk.Infrastructure.csproj", "{018062D9-80DD-4E23-B932-8638BBEF1C03}"
EndProject
Project("{FAE04EC0-301F-11D3-BF4B-00C04F79EFBC}") = "OpsDesk.Shared", "src\OpsDesk.Shared\OpsDesk.Shared.csproj", "{2F70012F-15C8-4194-A0BD-F344522689B4}"
EndProject
Project("{FAE04EC0-301F-11D3-BF4B-00C04F79EFBC}") = "OpsDesk.UnitTests", "tests\OpsDesk.UnitTests\OpsDesk.UnitTests.csproj", "{11B8E655-B3E4-4997-8F17-F625669A1619}"
EndProject
Project("{FAE04EC0-301F-11D3-BF4B-00C04F79EFBC}") = "OpsDesk.IntegrationTests", "tests\OpsDesk.IntegrationTests\OpsDesk.IntegrationTests.csproj", "{53816C0B-9C70-490B-B7B9-19B601407C28}"
EndProject
Global
	GlobalSection(SolutionConfigurationPlatforms) = preSolution
		Debug|Any CPU = Debug|Any CPU
		Debug|x64 = Debug|x64
		Debug|x86 = Debug|x86
		Release|Any CPU = Release|Any CPU
		Release|x64 = Release|x64
		Release|x86 = Release|x86
	EndGlobalSection
	GlobalSection(ProjectConfigurationPlatforms) = postSolution
		{7DB62CE4-B7D4-4203-84CA-ECE13AF1AA66}.Debug|Any CPU.ActiveCfg = Debug|Any CPU
		{7DB62CE4-B7D4-4203-84CA-ECE13AF1AA66}.Debug|Any CPU.Build.0 = Debug|Any CPU
		{7DB62CE4-B7D4-4203-84CA-ECE13AF1AA66}.Debug|x64.ActiveCfg = Debug|Any CPU
		{7DB62CE4-B7D4-4203-84CA-ECE13AF1AA66}.Debug|x64.Build.0 = Debug|Any CPU
		{7DB62CE4-B7D4-4203-84CA-ECE13AF1AA66}.Debug|x86.ActiveCfg = Debug|Any CPU
		{7DB62CE4-B7D4-4203-84CA-ECE13AF1AA66}.Debug|x86.Build.0 = Debug|Any CPU
		{7DB62CE4-B7D4-4203-84CA-ECE13AF1AA66}.Release|Any CPU.ActiveCfg = Release|Any CPU
		{7DB62CE4-B7D4-4203-84CA-ECE13AF1AA66}.Release|Any CPU.Build.0 = Release|Any CPU
		{7DB62CE4-B7D4-4203-84CA-ECE13AF1AA66}.Release|x64.ActiveCfg = Release|Any CPU
		{7DB62CE4-B7D4-4203-84CA-ECE13AF1AA66}.Release|x64.Build.0 = Release|Any CPU
		{7DB62CE4-B7D4-4203-84CA-ECE13AF1AA66}.Release|x86.ActiveCfg = Release|Any CPU
		{7DB62CE4-B7D4-4203-84CA-ECE13AF1AA66}.Release|x86.Build.0 = Release|Any CPU
		{7A72B649-ACF7-4F40-B8DC-8E2EC74AD4CB}.Debug|Any CPU.ActiveCfg = Debug|Any CPU
		{7A72B649-ACF7-4F40-B8DC-8E2EC74AD4CB}.Debug|Any CPU.Build.0 = Debug|Any CPU
		{7A72B649-ACF7-4F40-B8DC-8E2EC74AD4CB}.Debug|x64.ActiveCfg = Debug|Any CPU
		{7A72B649-ACF7-4F40-B8DC-8E2EC74AD4CB}.Debug|x64.Build.0 = Debug|Any CPU
		{7A72B649-ACF7-4F40-B8DC-8E2EC74AD4CB}.Debug|x86.ActiveCfg = Debug|Any CPU
		{7A72B649-ACF7-4F40-B8DC-8E2EC74AD4CB}.Debug|x86.Build.0 = Debug|Any CPU
		{7A72B649-ACF7-4F40-B8DC-8E2EC74AD4CB}.Release|Any CPU.ActiveCfg = Release|Any CPU
		{7A72B649-ACF7-4F40-B8DC-8E2EC74AD4CB}.Release|Any CPU.Build.0 = Release|Any CPU
		{7A72B649-ACF7-4F40-B8DC-8E2EC74AD4CB}.Release|x64.ActiveCfg = Release|Any CPU
		{7A72B649-ACF7-4F40-B8DC-8E2EC74AD4CB}.Release|x64.Build.0 = Release|Any CPU
		{7A72B649-ACF7-4F40-B8DC-8E2EC74AD4CB}.Release|x86.ActiveCfg = Release|Any CPU
		{7A72B649-ACF7-4F40-B8DC-8E2EC74AD4CB}.Release|x86.Build.0 = Release|Any CPU
		{63387B12-8243-4BE9-9C66-9609671E0323}.Debug|Any CPU.ActiveCfg = Debug|Any CPU
		{63387B12-8243-4BE9-9C66-9609671E0323}.Debug|Any CPU.Build.0 = Debug|Any CPU
		{63387B12-8243-4BE9-9C66-9609671E0323}.Debug|x64.ActiveCfg = Debug|Any CPU
		{63387B12-8243-4BE9-9C66-9609671E0323}.Debug|x64.Build.0 = Debug|Any CPU
		{63387B12-8243-4BE9-9C66-9609671E0323}.Debug|x86.ActiveCfg = Debug|Any CPU
		{63387B12-8243-4BE9-9C66-9609671E0323}.Debug|x86.Build.0 = Debug|Any CPU
		{63387B12-8243-4BE9-9C66-9609671E0323}.Release|Any CPU.ActiveCfg = Release|Any CPU
		{63387B12-8243-4BE9-9C66-9609671E0323}.Release|Any CPU.Build.0 = Release|Any CPU
		{63387B12-8243-4BE9-9C66-9609671E0323}.Release|x64.ActiveCfg = Release|Any CPU
		{63387B12-8243-4BE9-9C66-9609671E0323}.Release|x64.Build.0 = Release|Any CPU
		{63387B12-8243-4BE9-9C66-9609671E0323}.Release|x86.ActiveCfg = Release|Any CPU
		{63387B12-8243-4BE9-9C66-9609671E0323}.Release|x86.Build.0 = Release|Any CPU
		{A2D6205C-3810-458A-A10A-2C1D99A1697D}.Debug|Any CPU.ActiveCfg = Debug|Any CPU
		{A2D6205C-3810-458A-A10A-2C1D99A1697D}.Debug|Any CPU.Build.0 = Debug|Any CPU
		{A2D6205C-3810-458A-A10A-2C1D99A1697D}.Debug|x64.ActiveCfg = Debug|Any CPU
		{A2D6205C-3810-458A-A10A-2C1D99A1697D}.Debug|x64.Build.0 = Debug|Any CPU
		{A2D6205C-3810-458A-A10A-2C1D99A1697D}.Debug|x86.ActiveCfg = Debug|Any CPU
		{A2D6205C-3810-458A-A10A-2C1D99A1697D}.Debug|x86.Build.0 = Debug|Any CPU
		{A2D6205C-3810-458A-A10A-2C1D99A1697D}.Release|Any CPU.ActiveCfg = Release|Any CPU
		{A2D6205C-3810-458A-A10A-2C1D99A1697D}.Release|Any CPU.Build.0 = Release|Any CPU
		{A2D6205C-3810-458A-A10A-2C1D99A1697D}.Release|x64.ActiveCfg = Release|Any CPU
		{A2D6205C-3810-458A-A10A-2C1D99A1697D}.Release|x64.Build.0 = Release|Any CPU
		{A2D6205C-3810-458A-A10A-2C1D99A1697D}.Release|x86.ActiveCfg = Release|Any CPU
		{A2D6205C-3810-458A-A10A-2C1D99A1697D}.Release|x86.Build.0 = Release|Any CPU
		{018062D9-80DD-4E23-B932-8638BBEF1C03}.Debug|Any CPU.ActiveCfg = Debug|Any CPU
		{018062D9-80DD-4E23-B932-8638BBEF1C03}.Debug|Any CPU.Build.0 = Debug|Any CPU
		{018062D9-80DD-4E23-B932-8638BBEF1C03}.Debug|x64.ActiveCfg = Debug|Any CPU
		{018062D9-80DD-4E23-B932-8638BBEF1C03}.Debug|x64.Build.0 = Debug|Any CPU
		{018062D9-80DD-4E23-B932-8638BBEF1C03}.Debug|x86.ActiveCfg = Debug|Any CPU
		{018062D9-80DD-4E23-B932-8638BBEF1C03}.Debug|x86.Build.0 = Debug|Any CPU
		{018062D9-80DD-4E23-B932-8638BBEF1C03}.Release|Any CPU.ActiveCfg = Release|Any CPU
		{018062D9-80DD-4E23-B932-8638BBEF1C03}.Release|Any CPU.Build.0 = Release|Any CPU
		{018062D9-80DD-4E23-B932-8638BBEF1C03}.Release|x64.ActiveCfg = Release|Any CPU
		{018062D9-80DD-4E23-B932-8638BBEF1C03}.Release|x64.Build.0 = Release|Any CPU
		{018062D9-80DD-4E23-B932-8638BBEF1C03}.Release|x86.ActiveCfg = Release|Any CPU
		{018062D9-80DD-4E23-B932-8638BBEF1C03}.Release|x86.Build.0 = Release|Any CPU
		{2F70012F-15C8-4194-A0BD-F344522689B4}.Debug|Any CPU.ActiveCfg = Debug|Any CPU
		{2F70012F-15C8-4194-A0BD-F344522689B4}.Debug|Any CPU.Build.0 = Debug|Any CPU
		{2F70012F-15C8-4194-A0BD-F344522689B4}.Debug|x64.ActiveCfg = Debug|Any CPU
		{2F70012F-15C8-4194-A0BD-F344522689B4}.Debug|x64.Build.0 = Debug|Any CPU
		{2F70012F-15C8-4194-A0BD-F344522689B4}.Debug|x86.ActiveCfg = Debug|Any CPU
		{2F70012F-15C8-4194-A0BD-F344522689B4}.Debug|x86.Build.0 = Debug|Any CPU
		{2F70012F-15C8-4194-A0BD-F344522689B4}.Release|Any CPU.ActiveCfg = Release|Any CPU
		{2F70012F-15C8-4194-A0BD-F344522689B4}.Release|Any CPU.Build.0 = Release|Any CPU
		{2F70012F-15C8-4194-A0BD-F344522689B4}.Release|x64.ActiveCfg = Release|Any CPU
		{2F70012F-15C8-4194-A0BD-F344522689B4}.Release|x64.Build.0 = Release|Any CPU
		{2F70012F-15C8-4194-A0BD-F344522689B4}.Release|x86.ActiveCfg = Release|Any CPU
		{2F70012F-15C8-4194-A0BD-F344522689B4}.Release|x86.Build.0 = Release|Any CPU
		{11B8E655-B3E4-4997-8F17-F625669A1619}.Debug|Any CPU.ActiveCfg = Debug|Any CPU
		{11B8E655-B3E4-4997-8F17-F625669A1619}.Debug|Any CPU.Build.0 = Debug|Any CPU
		{11B8E655-B3E4-4997-8F17-F625669A1619}.Debug|x64.ActiveCfg = Debug|Any CPU
		{11B8E655-B3E4-4997-8F17-F625669A1619}.Debug|x64.Build.0 = Debug|Any CPU
		{11B8E655-B3E4-4997-8F17-F625669A1619}.Debug|x86.ActiveCfg = Debug|Any CPU
		{11B8E655-B3E4-4997-8F17-F625669A1619}.Debug|x86.Build.0 = Debug|Any CPU
		{11B8E655-B3E4-4997-8F17-F625669A1619}.Release|Any CPU.ActiveCfg = Release|Any CPU
		{11B8E655-B3E4-4997-8F17-F625669A1619}.Release|Any CPU.Build.0 = Release|Any CPU
		{11B8E655-B3E4-4997-8F17-F625669A1619}.Release|x64.ActiveCfg = Release|Any CPU
		{11B8E655-B3E4-4997-8F17-F625669A1619}.Release|x64.Build.0 = Release|Any CPU
		{11B8E655-B3E4-4997-8F17-F625669A1619}.Release|x86.ActiveCfg = Release|Any CPU
		{11B8E655-B3E4-4997-8F17-F625669A1619}.Release|x86.Build.0 = Release|Any CPU
		{53816C0B-9C70-490B-B7B9-19B601407C28}.Debug|Any CPU.ActiveCfg = Debug|Any CPU
		{53816C0B-9C70-490B-B7B9-19B601407C28}.Debug|Any CPU.Build.0 = Debug|Any CPU
		{53816C0B-9C70-490B-B7B9-19B601407C28}.Debug|x64.ActiveCfg = Debug|Any CPU
		{53816C0B-9C70-490B-B7B9-19B601407C28}.Debug|x64.Build.0 = Debug|Any CPU
		{53816C0B-9C70-490B-B7B9-19B601407C28}.Debug|x86.ActiveCfg = Debug|Any CPU
		{53816C0B-9C70-490B-B7B9-19B601407C28}.Debug|x86.Build.0 = Debug|Any CPU
		{53816C0B-9C70-490B-B7B9-19B601407C28}.Release|Any CPU.ActiveCfg = Release|Any CPU
		{53816C0B-9C70-490B-B7B9-19B601407C28}.Release|Any CPU.Build.0 = Release|Any CPU
		{53816C0B-9C70-490B-B7B9-19B601407C28}.Release|x64.ActiveCfg = Release|Any CPU
		{53816C0B-9C70-490B-B7B9-19B601407C28}.Release|x64.Build.0 = Release|Any CPU
		{53816C0B-9C70-490B-B7B9-19B601407C28}.Release|x86.ActiveCfg = Release|Any CPU
		{53816C0B-9C70-490B-B7B9-19B601407C28}.Release|x86.Build.0 = Release|Any CPU
	EndGlobalSection
	GlobalSection(SolutionProperties) = preSolution
		HideSolutionNode = FALSE
	EndGlobalSection
	GlobalSection(NestedProjects) = preSolution
		{7DB62CE4-B7D4-4203-84CA-ECE13AF1AA66} = {827E0CD3-B72D-47B6-A68D-7590B98EB39B}
		{7A72B649-ACF7-4F40-B8DC-8E2EC74AD4CB} = {827E0CD3-B72D-47B6-A68D-7590B98EB39B}
		{63387B12-8243-4BE9-9C66-9609671E0323} = {827E0CD3-B72D-47B6-A68D-7590B98EB39B}
		{A2D6205C-3810-458A-A10A-2C1D99A1697D} = {827E0CD3-B72D-47B6-A68D-7590B98EB39B}
		{018062D9-80DD-4E23-B932-8638BBEF1C03} = {827E0CD3-B72D-47B6-A68D-7590B98EB39B}
		{2F70012F-15C8-4194-A0BD-F344522689B4} = {827E0CD3-B72D-47B6-A68D-7590B98EB39B}
		{11B8E655-B3E4-4997-8F17-F625669A1619} = {827E0CD3-B72D-47B6-A68D-7590B98EB39B}
		{53816C0B-9C70-490B-B7B9-19B601407C28} = {827E0CD3-B72D-47B6-A68D-7590B98EB39B}
	EndGlobalSection
EndGlobal
